
Microsoft Visual Studio Solution File, Format Version 12.00
# Visual Studio Version 17
VisualStudioVersion = 17.4.33403.182
MinimumVisualStudioVersion = 10.0.40219.1
Project("{FAE04EC0-301F-11D3-BF4B-00C04F79EFBC}") = "Shop", "Shop\Shop.csproj", "{2ACC4A27-330D-4467-AFD9-FBC5C900C9D0}"
EndProject
Global
	GlobalSection(SolutionConfigurationPlatforms) = preSolution
		Debug|Any CPU = Debug|Any CPU
		Release|Any CPU = Release|Any CPU
	EndGlobalSection
	GlobalSection(ProjectConfigurationPlatforms) = postSolution
		{2ACC4A27-330D-4467-AFD9-FBC5C900C9D0}.Debug|Any CPU.ActiveCfg = Debug|Any CPU
		{2ACC4A27-330D-4467-AFD9-FBC5C900C9D0}.Debug|Any CPU.Build.0 = Debug|Any CPU
		{2ACC4A27-330D-4467-AFD9-FBC5C900C9D0}.Release|Any CPU.ActiveCfg = Release|Any CPU
		{2ACC4A27-330D-4467-AFD9-FBC5C900C9D0}.Release|Any CPU.Build.0 = Release|Any CPU
	EndGlobalSection
	GlobalSection(SolutionProperties) = preSolution
		HideSolutionNode = FALSE
	EndGlobalSection
	GlobalSection(ExtensibilityGlobals) = postSolution
		SolutionGuid = {B4FE2D4D-3375-42CE-BA39-DDC2336CF0B8}
	EndGlobalSection
EndGlobal
